
Microsoft Visual Studio Solution File, Format Version 12.00
# Visual Studio 2013
VisualStudioVersion = 12.0.40629.0
MinimumVisualStudioVersion = 10.0.40219.1
Project("{8BC9CEB8-8B4A-11D0-8D11-00A0C91BC942}") = "zthread", "zthread\zthread.vcxproj", "{1FEFABC5-09A9-4030-8A39-3A893932EBEC}"
EndProject
Project("{8BC9CEB8-8B4A-11D0-8D11-00A0C91BC942}") = "zthread_test", "zthread\zthread_test.vcxproj", "{65D7EBBE-EB97-4CDD-B7A7-B2C19A23155B}"
EndProject
Global
	GlobalSection(SolutionConfigurationPlatforms) = preSolution
		Debug|Win32 = Debug|Win32
		Release|Win32 = Release|Win32
	EndGlobalSection
	GlobalSection(ProjectConfigurationPlatforms) = postSolution
		{1FEFABC5-09A9-4030-8A39-3A893932EBEC}.Debug|Win32.ActiveCfg = Debug|Win32
		{1FEFABC5-09A9-4030-8A39-3A893932EBEC}.Debug|Win32.Build.0 = Debug|Win32
		{1FEFABC5-09A9-4030-8A39-3A893932EBEC}.Release|Win32.ActiveCfg = Release|Win32
		{1FEFABC5-09A9-4030-8A39-3A893932EBEC}.Release|Win32.Build.0 = Release|Win32
		{65D7EBBE-EB97-4CDD-B7A7-B2C19A23155B}.Debug|Win32.ActiveCfg = Debug|Win32
		{65D7EBBE-EB97-4CDD-B7A7-B2C19A23155B}.Debug|Win32.Build.0 = Debug|Win32
		{65D7EBBE-EB97-4CDD-B7A7-B2C19A23155B}.Release|Win32.ActiveCfg = Release|Win32
		{65D7EBBE-EB97-4CDD-B7A7-B2C19A23155B}.Release|Win32.Build.0 = Release|Win32
	EndGlobalSection
	GlobalSection(SolutionProperties) = preSolution
		HideSolutionNode = FALSE
	EndGlobalSection
EndGlobal
